
Microsoft Visual Studio Solution File, Format Version 12.00
# Visual Studio Version 17
VisualStudioVersion = 17.5.33424.131
MinimumVisualStudioVersion = 10.0.40219.1
Project("{8BC9CEB8-8B4A-11D0-8D11-00A0C91BC942}") = "openCVLecture07", "openCVLecture07.vcxproj", "{BFFAF08D-1234-4414-A425-A976CB841062}"
EndProject
Global
	GlobalSection(SolutionConfigurationPlatforms) = preSolution
		Debug|x64 = Debug|x64
		Debug|x86 = Debug|x86
		Release|x64 = Release|x64
		Release|x86 = Release|x86
	EndGlobalSection
	GlobalSection(ProjectConfigurationPlatforms) = postSolution
		{BFFAF08D-1234-4414-A425-A976CB841062}.Debug|x64.ActiveCfg = Debug|x64
		{BFFAF08D-1234-4414-A425-A976CB841062}.Debug|x64.Build.0 = Debug|x64
		{BFFAF08D-1234-4414-A425-A976CB841062}.Debug|x86.ActiveCfg = Debug|Win32
		{BFFAF08D-1234-4414-A425-A976CB841062}.Debug|x86.Build.0 = Debug|Win32
		{BFFAF08D-1234-4414-A425-A976CB841062}.Release|x64.ActiveCfg = Release|x64
		{BFFAF08D-1234-4414-A425-A976CB841062}.Release|x64.Build.0 = Release|x64
		{BFFAF08D-1234-4414-A425-A976CB841062}.Release|x86.ActiveCfg = Release|Win32
		{BFFAF08D-1234-4414-A425-A976CB841062}.Release|x86.Build.0 = Release|Win32
	EndGlobalSection
	GlobalSection(SolutionProperties) = preSolution
		HideSolutionNode = FALSE
	EndGlobalSection
	GlobalSection(ExtensibilityGlobals) = postSolution
		SolutionGuid = {C1ED66AB-8126-43CC-B9DF-ED1784F0C707}
	EndGlobalSection
EndGlobal
