
Microsoft Visual Studio Solution File, Format Version 12.00
# Visual Studio Version 17
VisualStudioVersion = 17.5.33424.131
MinimumVisualStudioVersion = 10.0.40219.1
Project("{8BC9CEB8-8B4A-11D0-8D11-00A0C91BC942}") = "openCVLecture06", "openCVLecture06.vcxproj", "{F08117BF-D189-465B-A875-F223F83BF514}"
EndProject
Global
	GlobalSection(SolutionConfigurationPlatforms) = preSolution
		Debug|x64 = Debug|x64
		Debug|x86 = Debug|x86
		Release|x64 = Release|x64
		Release|x86 = Release|x86
	EndGlobalSection
	GlobalSection(ProjectConfigurationPlatforms) = postSolution
		{F08117BF-D189-465B-A875-F223F83BF514}.Debug|x64.ActiveCfg = Debug|x64
		{F08117BF-D189-465B-A875-F223F83BF514}.Debug|x64.Build.0 = Debug|x64
		{F08117BF-D189-465B-A875-F223F83BF514}.Debug|x86.ActiveCfg = Debug|Win32
		{F08117BF-D189-465B-A875-F223F83BF514}.Debug|x86.Build.0 = Debug|Win32
		{F08117BF-D189-465B-A875-F223F83BF514}.Release|x64.ActiveCfg = Release|x64
		{F08117BF-D189-465B-A875-F223F83BF514}.Release|x64.Build.0 = Release|x64
		{F08117BF-D189-465B-A875-F223F83BF514}.Release|x86.ActiveCfg = Release|Win32
		{F08117BF-D189-465B-A875-F223F83BF514}.Release|x86.Build.0 = Release|Win32
	EndGlobalSection
	GlobalSection(SolutionProperties) = preSolution
		HideSolutionNode = FALSE
	EndGlobalSection
	GlobalSection(ExtensibilityGlobals) = postSolution
		SolutionGuid = {F95E17C3-FE02-4B30-BA7A-01A793873988}
	EndGlobalSection
EndGlobal
