
Microsoft Visual Studio Solution File, Format Version 12.00
# Visual Studio Version 17
VisualStudioVersion = 17.5.33424.131
MinimumVisualStudioVersion = 10.0.40219.1
Project("{8BC9CEB8-8B4A-11D0-8D11-00A0C91BC942}") = "openCVLecture09", "openCVLecture09.vcxproj", "{83F1A4BE-EBBF-4F10-8C43-52A535EE628B}"
EndProject
Global
	GlobalSection(SolutionConfigurationPlatforms) = preSolution
		Debug|x64 = Debug|x64
		Debug|x86 = Debug|x86
		Release|x64 = Release|x64
		Release|x86 = Release|x86
	EndGlobalSection
	GlobalSection(ProjectConfigurationPlatforms) = postSolution
		{83F1A4BE-EBBF-4F10-8C43-52A535EE628B}.Debug|x64.ActiveCfg = Debug|x64
		{83F1A4BE-EBBF-4F10-8C43-52A535EE628B}.Debug|x64.Build.0 = Debug|x64
		{83F1A4BE-EBBF-4F10-8C43-52A535EE628B}.Debug|x86.ActiveCfg = Debug|Win32
		{83F1A4BE-EBBF-4F10-8C43-52A535EE628B}.Debug|x86.Build.0 = Debug|Win32
		{83F1A4BE-EBBF-4F10-8C43-52A535EE628B}.Release|x64.ActiveCfg = Release|x64
		{83F1A4BE-EBBF-4F10-8C43-52A535EE628B}.Release|x64.Build.0 = Release|x64
		{83F1A4BE-EBBF-4F10-8C43-52A535EE628B}.Release|x86.ActiveCfg = Release|Win32
		{83F1A4BE-EBBF-4F10-8C43-52A535EE628B}.Release|x86.Build.0 = Release|Win32
	EndGlobalSection
	GlobalSection(SolutionProperties) = preSolution
		HideSolutionNode = FALSE
	EndGlobalSection
	GlobalSection(ExtensibilityGlobals) = postSolution
		SolutionGuid = {264FFD6B-E5BB-4801-996F-B86D4A47CD99}
	EndGlobalSection
EndGlobal
