
Microsoft Visual Studio Solution File, Format Version 12.00
# Visual Studio Version 17
VisualStudioVersion = 17.5.33424.131
MinimumVisualStudioVersion = 10.0.40219.1
Project("{8BC9CEB8-8B4A-11D0-8D11-00A0C91BC942}") = "STUDY_MORNING", "STUDY_MORNING.vcxproj", "{4D68BEE8-1101-4A87-A4E8-65C70B2B0EDE}"
EndProject
Global
	GlobalSection(SolutionConfigurationPlatforms) = preSolution
		Debug|x64 = Debug|x64
		Debug|x86 = Debug|x86
		Release|x64 = Release|x64
		Release|x86 = Release|x86
	EndGlobalSection
	GlobalSection(ProjectConfigurationPlatforms) = postSolution
		{4D68BEE8-1101-4A87-A4E8-65C70B2B0EDE}.Debug|x64.ActiveCfg = Debug|x64
		{4D68BEE8-1101-4A87-A4E8-65C70B2B0EDE}.Debug|x64.Build.0 = Debug|x64
		{4D68BEE8-1101-4A87-A4E8-65C70B2B0EDE}.Debug|x86.ActiveCfg = Debug|Win32
		{4D68BEE8-1101-4A87-A4E8-65C70B2B0EDE}.Debug|x86.Build.0 = Debug|Win32
		{4D68BEE8-1101-4A87-A4E8-65C70B2B0EDE}.Release|x64.ActiveCfg = Release|x64
		{4D68BEE8-1101-4A87-A4E8-65C70B2B0EDE}.Release|x64.Build.0 = Release|x64
		{4D68BEE8-1101-4A87-A4E8-65C70B2B0EDE}.Release|x86.ActiveCfg = Release|Win32
		{4D68BEE8-1101-4A87-A4E8-65C70B2B0EDE}.Release|x86.Build.0 = Release|Win32
	EndGlobalSection
	GlobalSection(SolutionProperties) = preSolution
		HideSolutionNode = FALSE
	EndGlobalSection
	GlobalSection(ExtensibilityGlobals) = postSolution
		SolutionGuid = {633B8B73-3AFA-46DE-8517-00AEF78ED183}
	EndGlobalSection
EndGlobal
