
Microsoft Visual Studio Solution File, Format Version 12.00
# Visual Studio Version 17
VisualStudioVersion = 17.5.33424.131
MinimumVisualStudioVersion = 10.0.40219.1
Project("{8BC9CEB8-8B4A-11D0-8D11-00A0C91BC942}") = "third", "third.vcxproj", "{5FA065C8-EBE0-436E-A561-0BE70536A65B}"
EndProject
Global
	GlobalSection(SolutionConfigurationPlatforms) = preSolution
		Debug|x64 = Debug|x64
		Debug|x86 = Debug|x86
		Release|x64 = Release|x64
		Release|x86 = Release|x86
	EndGlobalSection
	GlobalSection(ProjectConfigurationPlatforms) = postSolution
		{5FA065C8-EBE0-436E-A561-0BE70536A65B}.Debug|x64.ActiveCfg = Debug|x64
		{5FA065C8-EBE0-436E-A561-0BE70536A65B}.Debug|x64.Build.0 = Debug|x64
		{5FA065C8-EBE0-436E-A561-0BE70536A65B}.Debug|x86.ActiveCfg = Debug|Win32
		{5FA065C8-EBE0-436E-A561-0BE70536A65B}.Debug|x86.Build.0 = Debug|Win32
		{5FA065C8-EBE0-436E-A561-0BE70536A65B}.Release|x64.ActiveCfg = Release|x64
		{5FA065C8-EBE0-436E-A561-0BE70536A65B}.Release|x64.Build.0 = Release|x64
		{5FA065C8-EBE0-436E-A561-0BE70536A65B}.Release|x86.ActiveCfg = Release|Win32
		{5FA065C8-EBE0-436E-A561-0BE70536A65B}.Release|x86.Build.0 = Release|Win32
	EndGlobalSection
	GlobalSection(SolutionProperties) = preSolution
		HideSolutionNode = FALSE
	EndGlobalSection
	GlobalSection(ExtensibilityGlobals) = postSolution
		SolutionGuid = {9088001D-C7C6-4E85-A5FD-C94BB68E4125}
	EndGlobalSection
EndGlobal
